// !$*UTF8*$!
{
	archiveVersion = 1;
	classes = {
	};
	objectVersion = 46;
	objects = {

/* Begin PBXBuildFile section */
		5152A98D1B5D3C95007EC6B4 /* main.m in Sources */ = {isa = PBXBuildFile; fileRef = 5152A98C1B5D3C95007EC6B4 /* main.m */; };
		5152A9901B5D3C95007EC6B4 /* AppDelegate.m in Sources */ = {isa = PBXBuildFile; fileRef = 5152A98F1B5D3C95007EC6B4 /* AppDelegate.m */; };
		5152A9931B5D3C95007EC6B4 /* automation_j2objc.xcdatamodeld in Sources */ = {isa = PBXBuildFile; fileRef = 5152A9911B5D3C95007EC6B4 /* automation_j2objc.xcdatamodeld */; };
		5152A9961B5D3C95007EC6B4 /* ViewController.m in Sources */ = {isa = PBXBuildFile; fileRef = 5152A9951B5D3C95007EC6B4 /* ViewController.m */; };
		5152A9991B5D3C95007EC6B4 /* Main.storyboard in Resources */ = {isa = PBXBuildFile; fileRef = 5152A9971B5D3C95007EC6B4 /* Main.storyboard */; };
		5152A99B1B5D3C95007EC6B4 /* Images.xcassets in Resources */ = {isa = PBXBuildFile; fileRef = 5152A99A1B5D3C95007EC6B4 /* Images.xcassets */; };
		5152A99E1B5D3C95007EC6B4 /* LaunchScreen.xib in Resources */ = {isa = PBXBuildFile; fileRef = 5152A99C1B5D3C95007EC6B4 /* LaunchScreen.xib */; };
		5152A9AA1B5D3C95007EC6B4 /* automation_j2objcTests.m in Sources */ = {isa = PBXBuildFile; fileRef = 5152A9A91B5D3C95007EC6B4 /* automation_j2objcTests.m */; };
		D13D4BF99F6A2DFEBB03EAA4 /* libPods-automation-j2objc.a in Frameworks */ = {isa = PBXBuildFile; fileRef = 06A2BC8DBDDC060D3DD04739 /* libPods-automation-j2objc.a */; };
/* End PBXBuildFile section */

/* Begin PBXContainerItemProxy section */
		5152A9A41B5D3C95007EC6B4 /* PBXContainerItemProxy */ = {
			isa = PBXContainerItemProxy;
			containerPortal = 5152A97F1B5D3C95007EC6B4 /* Project object */;
			proxyType = 1;
			remoteGlobalIDString = 5152A9861B5D3C95007EC6B4;
			remoteInfo = "automation-j2objc";
		};
/* End PBXContainerItemProxy section */

/* Begin PBXFileReference section */
		05C2022600529AF99B430935 /* Pods-automation-j2objc.debug.xcconfig */ = {isa = PBXFileReference; includeInIndex = 1; lastKnownFileType = text.xcconfig; name = "Pods-automation-j2objc.debug.xcconfig"; path = "Pods/Target Support Files/Pods-automation-j2objc/Pods-automation-j2objc.debug.xcconfig"; sourceTree = "<group>"; };
		06A2BC8DBDDC060D3DD04739 /* libPods-automation-j2objc.a */ = {isa = PBXFileReference; explicitFileType = archive.ar; includeInIndex = 0; path = "libPods-automation-j2objc.a"; sourceTree = BUILT_PRODUCTS_DIR; };
		11F9E30E4BFB3F4ABAF5CDCB /* Pods-automation-j2objc.release.xcconfig */ = {isa = PBXFileReference; includeInIndex = 1; lastKnownFileType = text.xcconfig; name = "Pods-automation-j2objc.release.xcconfig"; path = "Pods/Target Support Files/Pods-automation-j2objc/Pods-automation-j2objc.release.xcconfig"; sourceTree = "<group>"; };
		5152A9871B5D3C95007EC6B4 /* automation-j2objc.app */ = {isa = PBXFileReference; explicitFileType = wrapper.application; includeInIndex = 0; path = "automation-j2objc.app"; sourceTree = BUILT_PRODUCTS_DIR; };
		5152A98B1B5D3C95007EC6B4 /* Info.plist */ = {isa = PBXFileReference; lastKnownFileType = text.plist.xml; path = Info.plist; sourceTree = "<group>"; };
		5152A98C1B5D3C95007EC6B4 /* main.m */ = {isa = PBXFileReference; lastKnownFileType = sourcecode.c.objc; path = main.m; sourceTree = "<group>"; };
		5152A98E1B5D3C95007EC6B4 /* AppDelegate.h */ = {isa = PBXFileReference; lastKnownFileType = sourcecode.c.h; path = AppDelegate.h; sourceTree = "<group>"; };
		5152A98F1B5D3C95007EC6B4 /* AppDelegate.m */ = {isa = PBXFileReference; lastKnownFileType = sourcecode.c.objc; path = AppDelegate.m; sourceTree = "<group>"; };
		5152A9921B5D3C95007EC6B4 /* automation_j2objc.xcdatamodel */ = {isa = PBXFileReference; lastKnownFileType = wrapper.xcdatamodel; path = automation_j2objc.xcdatamodel; sourceTree = "<group>"; };
		5152A9941B5D3C95007EC6B4 /* ViewController.h */ = {isa = PBXFileReference; lastKnownFileType = sourcecode.c.h; path = ViewController.h; sourceTree = "<group>"; };
		5152A9951B5D3C95007EC6B4 /* ViewController.m */ = {isa = PBXFileReference; lastKnownFileType = sourcecode.c.objc; path = ViewController.m; sourceTree = "<group>"; };
		5152A9981B5D3C95007EC6B4 /* Base */ = {isa = PBXFileReference; lastKnownFileType = file.storyboard; name = Base; path = Base.lproj/Main.storyboard; sourceTree = "<group>"; };
		5152A99A1B5D3C95007EC6B4 /* Images.xcassets */ = {isa = PBXFileReference; lastKnownFileType = folder.assetcatalog; path = Images.xcassets; sourceTree = "<group>"; };
		5152A99D1B5D3C95007EC6B4 /* Base */ = {isa = PBXFileReference; lastKnownFileType = file.xib; name = Base; path = Base.lproj/LaunchScreen.xib; sourceTree = "<group>"; };
		5152A9A31B5D3C95007EC6B4 /* automation-j2objcTests.xctest */ = {isa = PBXFileReference; explicitFileType = wrapper.cfbundle; includeInIndex = 0; path = "automation-j2objcTests.xctest"; sourceTree = BUILT_PRODUCTS_DIR; };
		5152A9A81B5D3C95007EC6B4 /* Info.plist */ = {isa = PBXFileReference; lastKnownFileType = text.plist.xml; path = Info.plist; sourceTree = "<group>"; };
		5152A9A91B5D3C95007EC6B4 /* automation_j2objcTests.m */ = {isa = PBXFileReference; lastKnownFileType = sourcecode.c.objc; path = automation_j2objcTests.m; sourceTree = "<group>"; };
/* End PBXFileReference section */

/* Begin PBXFrameworksBuildPhase section */
		5152A9841B5D3C95007EC6B4 /* Frameworks */ = {
			isa = PBXFrameworksBuildPhase;
			buildActionMask = 2147483647;
			files = (
				D13D4BF99F6A2DFEBB03EAA4 /* libPods-automation-j2objc.a in Frameworks */,
			);
			runOnlyForDeploymentPostprocessing = 0;
		};
		5152A9A01B5D3C95007EC6B4 /* Frameworks */ = {
			isa = PBXFrameworksBuildPhase;
			buildActionMask = 2147483647;
			files = (
			);
			runOnlyForDeploymentPostprocessing = 0;
		};
/* End PBXFrameworksBuildPhase section */

/* Begin PBXGroup section */
		5152A97E1B5D3C95007EC6B4 = {
			isa = PBXGroup;
			children = (
				5152A9891B5D3C95007EC6B4 /* automation-j2objc */,
				5152A9A61B5D3C95007EC6B4 /* automation-j2objcTests */,
				5152A9881B5D3C95007EC6B4 /* Products */,
				7FBBC5431DF240765F3F9BCB /* Pods */,
				8DBAC7704F4EA4ECBDA73088 /* Frameworks */,
			);
			sourceTree = "<group>";
		};
		5152A9881B5D3C95007EC6B4 /* Products */ = {
			isa = PBXGroup;
			children = (
				5152A9871B5D3C95007EC6B4 /* automation-j2objc.app */,
				5152A9A31B5D3C95007EC6B4 /* automation-j2objcTests.xctest */,
			);
			name = Products;
			sourceTree = "<group>";
		};
		5152A9891B5D3C95007EC6B4 /* automation-j2objc */ = {
			isa = PBXGroup;
			children = (
				5152A98E1B5D3C95007EC6B4 /* AppDelegate.h */,
				5152A98F1B5D3C95007EC6B4 /* AppDelegate.m */,
				5152A9941B5D3C95007EC6B4 /* ViewController.h */,
				5152A9951B5D3C95007EC6B4 /* ViewController.m */,
				5152A9971B5D3C95007EC6B4 /* Main.storyboard */,
				5152A99A1B5D3C95007EC6B4 /* Images.xcassets */,
				5152A99C1B5D3C95007EC6B4 /* LaunchScreen.xib */,
				5152A9911B5D3C95007EC6B4 /* automation_j2objc.xcdatamodeld */,
				5152A98A1B5D3C95007EC6B4 /* Supporting Files */,
			);
			path = "automation-j2objc";
			sourceTree = "<group>";
		};
		5152A98A1B5D3C95007EC6B4 /* Supporting Files */ = {
			isa = PBXGroup;
			children = (
				5152A98B1B5D3C95007EC6B4 /* Info.plist */,
				5152A98C1B5D3C95007EC6B4 /* main.m */,
			);
			name = "Supporting Files";
			sourceTree = "<group>";
		};
		5152A9A61B5D3C95007EC6B4 /* automation-j2objcTests */ = {
			isa = PBXGroup;
			children = (
				5152A9A91B5D3C95007EC6B4 /* automation_j2objcTests.m */,
				5152A9A71B5D3C95007EC6B4 /* Supporting Files */,
			);
			path = "automation-j2objcTests";
			sourceTree = "<group>";
		};
		5152A9A71B5D3C95007EC6B4 /* Supporting Files */ = {
			isa = PBXGroup;
			children = (
				5152A9A81B5D3C95007EC6B4 /* Info.plist */,
			);
			name = "Supporting Files";
			sourceTree = "<group>";
		};
		7FBBC5431DF240765F3F9BCB /* Pods */ = {
			isa = PBXGroup;
			children = (
				05C2022600529AF99B430935 /* Pods-automation-j2objc.debug.xcconfig */,
				11F9E30E4BFB3F4ABAF5CDCB /* Pods-automation-j2objc.release.xcconfig */,
			);
			name = Pods;
			sourceTree = "<group>";
		};
		8DBAC7704F4EA4ECBDA73088 /* Frameworks */ = {
			isa = PBXGroup;
			children = (
				06A2BC8DBDDC060D3DD04739 /* libPods-automation-j2objc.a */,
			);
			name = Frameworks;
			sourceTree = "<group>";
		};
/* End PBXGroup section */

/* Begin PBXNativeTarget section */
		5152A9861B5D3C95007EC6B4 /* automation-j2objc */ = {
			isa = PBXNativeTarget;
			buildConfigurationList = 5152A9AD1B5D3C95007EC6B4 /* Build configuration list for PBXNativeTarget "automation-j2objc" */;
			buildPhases = (
				C6AB21F025F920C9A22A2649 /* Check Pods Manifest.lock */,
				5152A9831B5D3C95007EC6B4 /* Sources */,
				5152A9841B5D3C95007EC6B4 /* Frameworks */,
				5152A9851B5D3C95007EC6B4 /* Resources */,
				FAE7BE727F6171615C881AD2 /* Copy Pods Resources */,
			);
			buildRules = (
			);
			dependencies = (
			);
			name = "automation-j2objc";
			productName = "automation-j2objc";
			productReference = 5152A9871B5D3C95007EC6B4 /* automation-j2objc.app */;
			productType = "com.apple.product-type.application";
		};
		5152A9A21B5D3C95007EC6B4 /* automation-j2objcTests */ = {
			isa = PBXNativeTarget;
			buildConfigurationList = 5152A9B01B5D3C95007EC6B4 /* Build configuration list for PBXNativeTarget "automation-j2objcTests" */;
			buildPhases = (
				5152A99F1B5D3C95007EC6B4 /* Sources */,
				5152A9A01B5D3C95007EC6B4 /* Frameworks */,
				5152A9A11B5D3C95007EC6B4 /* Resources */,
			);
			buildRules = (
			);
			dependencies = (
				5152A9A51B5D3C95007EC6B4 /* PBXTargetDependency */,
			);
			name = "automation-j2objcTests";
			productName = "automation-j2objcTests";
			productReference = 5152A9A31B5D3C95007EC6B4 /* automation-j2objcTests.xctest */;
			productType = "com.apple.product-type.bundle.unit-test";
		};
/* End PBXNativeTarget section */

/* Begin PBXProject section */
		5152A97F1B5D3C95007EC6B4 /* Project object */ = {
			isa = PBXProject;
			attributes = {
				LastUpgradeCheck = 0640;
				ORGANIZATIONNAME = "Nuxeo sandbox";
				TargetAttributes = {
					5152A9861B5D3C95007EC6B4 = {
						CreatedOnToolsVersion = 6.4;
						DevelopmentTeam = TJE746C6W4;
					};
					5152A9A21B5D3C95007EC6B4 = {
						CreatedOnToolsVersion = 6.4;
						TestTargetID = 5152A9861B5D3C95007EC6B4;
					};
				};
			};
			buildConfigurationList = 5152A9821B5D3C95007EC6B4 /* Build configuration list for PBXProject "automation-j2objc" */;
			compatibilityVersion = "Xcode 3.2";
			developmentRegion = English;
			hasScannedForEncodings = 0;
			knownRegions = (
				en,
				Base,
			);
			mainGroup = 5152A97E1B5D3C95007EC6B4;
			productRefGroup = 5152A9881B5D3C95007EC6B4 /* Products */;
			projectDirPath = "";
			projectRoot = "";
			targets = (
				5152A9861B5D3C95007EC6B4 /* automation-j2objc */,
				5152A9A21B5D3C95007EC6B4 /* automation-j2objcTests */,
			);
		};
/* End PBXProject section */

/* Begin PBXResourcesBuildPhase section */
		5152A9851B5D3C95007EC6B4 /* Resources */ = {
			isa = PBXResourcesBuildPhase;
			buildActionMask = 2147483647;
			files = (
				5152A9991B5D3C95007EC6B4 /* Main.storyboard in Resources */,
				5152A99E1B5D3C95007EC6B4 /* LaunchScreen.xib in Resources */,
				5152A99B1B5D3C95007EC6B4 /* Images.xcassets in Resources */,
			);
			runOnlyForDeploymentPostprocessing = 0;
		};
		5152A9A11B5D3C95007EC6B4 /* Resources */ = {
			isa = PBXResourcesBuildPhase;
			buildActionMask = 2147483647;
			files = (
			);
			runOnlyForDeploymentPostprocessing = 0;
		};
/* End PBXResourcesBuildPhase section */

/* Begin PBXShellScriptBuildPhase section */
		C6AB21F025F920C9A22A2649 /* Check Pods Manifest.lock */ = {
			isa = PBXShellScriptBuildPhase;
			buildActionMask = 2147483647;
			files = (
			);
			inputPaths = (
			);
			name = "Check Pods Manifest.lock";
			outputPaths = (
			);
			runOnlyForDeploymentPostprocessing = 0;
			shellPath = /bin/sh;
			shellScript = "diff \"${PODS_ROOT}/../Podfile.lock\" \"${PODS_ROOT}/Manifest.lock\" > /dev/null\nif [[ $? != 0 ]] ; then\n    cat << EOM\nerror: The sandbox is not in sync with the Podfile.lock. Run 'pod install' or update your CocoaPods installation.\nEOM\n    exit 1\nfi\n";
			showEnvVarsInLog = 0;
		};
		FAE7BE727F6171615C881AD2 /* Copy Pods Resources */ = {
			isa = PBXShellScriptBuildPhase;
			buildActionMask = 2147483647;
			files = (
			);
			inputPaths = (
			);
			name = "Copy Pods Resources";
			outputPaths = (
			);
			runOnlyForDeploymentPostprocessing = 0;
			shellPath = /bin/sh;
			shellScript = "\"${SRCROOT}/Pods/Target Support Files/Pods-automation-j2objc/Pods-automation-j2objc-resources.sh\"\n";
			showEnvVarsInLog = 0;
		};
/* End PBXShellScriptBuildPhase section */

/* Begin PBXSourcesBuildPhase section */
		5152A9831B5D3C95007EC6B4 /* Sources */ = {
			isa = PBXSourcesBuildPhase;
			buildActionMask = 2147483647;
			files = (
				5152A9931B5D3C95007EC6B4 /* automation_j2objc.xcdatamodeld in Sources */,
				5152A9901B5D3C95007EC6B4 /* AppDelegate.m in Sources */,
				5152A9961B5D3C95007EC6B4 /* ViewController.m in Sources */,
				5152A98D1B5D3C95007EC6B4 /* main.m in Sources */,
			);
			runOnlyForDeploymentPostprocessing = 0;
		};
		5152A99F1B5D3C95007EC6B4 /* Sources */ = {
			isa = PBXSourcesBuildPhase;
			buildActionMask = 2147483647;
			files = (
				5152A9AA1B5D3C95007EC6B4 /* automation_j2objcTests.m in Sources */,
			);
			runOnlyForDeploymentPostprocessing = 0;
		};
/* End PBXSourcesBuildPhase section */

/* Begin PBXTargetDependency section */
		5152A9A51B5D3C95007EC6B4 /* PBXTargetDependency */ = {
			isa = PBXTargetDependency;
			target = 5152A9861B5D3C95007EC6B4 /* automation-j2objc */;
			targetProxy = 5152A9A41B5D3C95007EC6B4 /* PBXContainerItemProxy */;
		};
/* End PBXTargetDependency section */

/* Begin PBXVariantGroup section */
		5152A9971B5D3C95007EC6B4 /* Main.storyboard */ = {
			isa = PBXVariantGroup;
			children = (
				5152A9981B5D3C95007EC6B4 /* Base */,
			);
			name = Main.storyboard;
			sourceTree = "<group>";
		};
		5152A99C1B5D3C95007EC6B4 /* LaunchScreen.xib */ = {
			isa = PBXVariantGroup;
			children = (
				5152A99D1B5D3C95007EC6B4 /* Base */,
			);
			name = LaunchScreen.xib;
			sourceTree = "<group>";
		};
/* End PBXVariantGroup section */

/* Begin XCBuildConfiguration section */
		5152A9AB1B5D3C95007EC6B4 /* Debug */ = {
			isa = XCBuildConfiguration;
			buildSettings = {
				ALWAYS_SEARCH_USER_PATHS = NO;
				CLANG_CXX_LANGUAGE_STANDARD = "gnu++0x";
				CLANG_CXX_LIBRARY = "libc++";
				CLANG_ENABLE_MODULES = YES;
				CLANG_ENABLE_OBJC_ARC = YES;
				CLANG_WARN_BOOL_CONVERSION = YES;
				CLANG_WARN_CONSTANT_CONVERSION = YES;
				CLANG_WARN_DIRECT_OBJC_ISA_USAGE = YES_ERROR;
				CLANG_WARN_EMPTY_BODY = YES;
				CLANG_WARN_ENUM_CONVERSION = YES;
				CLANG_WARN_INT_CONVERSION = YES;
				CLANG_WARN_OBJC_ROOT_CLASS = YES_ERROR;
				CLANG_WARN_UNREACHABLE_CODE = YES;
				CLANG_WARN__DUPLICATE_METHOD_MATCH = YES;
				"CODE_SIGN_IDENTITY[sdk=iphoneos*]" = "iPhone Developer";
				COPY_PHASE_STRIP = NO;
				DEBUG_INFORMATION_FORMAT = "dwarf-with-dsym";
				ENABLE_STRICT_OBJC_MSGSEND = YES;
				GCC_C_LANGUAGE_STANDARD = gnu99;
				GCC_DYNAMIC_NO_PIC = NO;
				GCC_NO_COMMON_BLOCKS = YES;
				GCC_OPTIMIZATION_LEVEL = 0;
				GCC_PREPROCESSOR_DEFINITIONS = (
					"DEBUG=1",
					"$(inherited)",
				);
				GCC_SYMBOLS_PRIVATE_EXTERN = NO;
				GCC_WARN_64_TO_32_BIT_CONVERSION = YES;
				GCC_WARN_ABOUT_RETURN_TYPE = YES_ERROR;
				GCC_WARN_UNDECLARED_SELECTOR = YES;
				GCC_WARN_UNINITIALIZED_AUTOS = YES_AGGRESSIVE;
				GCC_WARN_UNUSED_FUNCTION = YES;
				GCC_WARN_UNUSED_VARIABLE = YES;
				HEADER_SEARCH_PATHS = (
					"$(inherited)",
					/Applications/Xcode.app/Contents/Developer/Toolchains/XcodeDefault.xctoolchain/usr/include,
				);
				IPHONEOS_DEPLOYMENT_TARGET = 8.4;
				MTL_ENABLE_DEBUG_INFO = YES;
				ONLY_ACTIVE_ARCH = YES;
				OTHER_LDFLAGS = (
					"-L/Users/arnaud/Work/Nuxeo/sources/tools/j2objc-0.9.7/lib",
					"-ObjC",
					"-ljre_emul",
					"-force_load",
					"/Users/arnaud/Work/Nuxeo/sources/tools/j2objc-0.9.7/lib/libjre_emul.a",
					"-lz",
					"-licucore",
				);
				SDKROOT = iphoneos;
				TARGETED_DEVICE_FAMILY = "1,2";
				USER_HEADER_SEARCH_PATHS = "/Users/arnaud/Work/Nuxeo/sources/tools/j2objc-0.9.7/include/**";
				VALID_ARCHS = "${inherited}";
			};
			name = Debug;
		};
		5152A9AC1B5D3C95007EC6B4 /* Release */ = {
			isa = XCBuildConfiguration;
			buildSettings = {
				ALWAYS_SEARCH_USER_PATHS = NO;
				CLANG_CXX_LANGUAGE_STANDARD = "gnu++0x";
				CLANG_CXX_LIBRARY = "libc++";
				CLANG_ENABLE_MODULES = YES;
				CLANG_ENABLE_OBJC_ARC = YES;
				CLANG_WARN_BOOL_CONVERSION = YES;
				CLANG_WARN_CONSTANT_CONVERSION = YES;
				CLANG_WARN_DIRECT_OBJC_ISA_USAGE = YES_ERROR;
				CLANG_WARN_EMPTY_BODY = YES;
				CLANG_WARN_ENUM_CONVERSION = YES;
				CLANG_WARN_INT_CONVERSION = YES;
				CLANG_WARN_OBJC_ROOT_CLASS = YES_ERROR;
				CLANG_WARN_UNREACHABLE_CODE = YES;
				CLANG_WARN__DUPLICATE_METHOD_MATCH = YES;
				"CODE_SIGN_IDENTITY[sdk=iphoneos*]" = "iPhone Developer";
				COPY_PHASE_STRIP = NO;
				DEBUG_INFORMATION_FORMAT = "dwarf-with-dsym";
				ENABLE_NS_ASSERTIONS = NO;
				ENABLE_STRICT_OBJC_MSGSEND = YES;
				GCC_C_LANGUAGE_STANDARD = gnu99;
				GCC_NO_COMMON_BLOCKS = YES;
				GCC_WARN_64_TO_32_BIT_CONVERSION = YES;
				GCC_WARN_ABOUT_RETURN_TYPE = YES_ERROR;
				GCC_WARN_UNDECLARED_SELECTOR = YES;
				GCC_WARN_UNINITIALIZED_AUTOS = YES_AGGRESSIVE;
				GCC_WARN_UNUSED_FUNCTION = YES;
				GCC_WARN_UNUSED_VARIABLE = YES;
				HEADER_SEARCH_PATHS = (
					"$(inherited)",
					/Applications/Xcode.app/Contents/Developer/Toolchains/XcodeDefault.xctoolchain/usr/include,
				);
				IPHONEOS_DEPLOYMENT_TARGET = 8.4;
				MTL_ENABLE_DEBUG_INFO = NO;
				ONLY_ACTIVE_ARCH = YES;
				OTHER_LDFLAGS = (
					"-L/Users/arnaud/Work/Nuxeo/sources/tools/j2objc-0.9.7/lib",
					"-ObjC",
					"-ljre_emul",
					"-force_load",
					"/Users/arnaud/Work/Nuxeo/sources/tools/j2objc-0.9.7/lib/libjre_emul.a",
					"-lz",
					"-licucore",
				);
				SDKROOT = iphoneos;
				TARGETED_DEVICE_FAMILY = "1,2";
				USER_HEADER_SEARCH_PATHS = "/Users/arnaud/Work/Nuxeo/sources/tools/j2objc-0.9.7/include/**";
				VALIDATE_PRODUCT = YES;
				VALID_ARCHS = "${inherited}";
			};
			name = Release;
		};
		5152A9AE1B5D3C95007EC6B4 /* Debug */ = {
			isa = XCBuildConfiguration;
			baseConfigurationReference = 05C2022600529AF99B430935 /* Pods-automation-j2objc.debug.xcconfig */;
			buildSettings = {
				ASSETCATALOG_COMPILER_APPICON_NAME = AppIcon;
				CODE_SIGN_IDENTITY = "iPhone Developer";
				"CODE_SIGN_IDENTITY[sdk=iphoneos*]" = "iPhone Developer";
				INFOPLIST_FILE = "automation-j2objc/Info.plist";
				LD_RUNPATH_SEARCH_PATHS = "$(inherited) @executable_path/Frameworks";
				LIBRARY_SEARCH_PATHS = (
					"$(inherited)",
					"/Users/arnaud/Work/Nuxeo/sources/sandbox/j2objc/shared/build/packedBinaries/shared-j2objcStaticLibrary/iosDebug",
					"/Users/arnaud/Work/Nuxeo/sources/tools/j2objc-0.9.7/lib",
				);
				PRODUCT_NAME = "$(TARGET_NAME)";
				PROVISIONING_PROFILE = "";
			};
			name = Debug;
		};
		5152A9AF1B5D3C95007EC6B4 /* Release */ = {
			isa = XCBuildConfiguration;
			baseConfigurationReference = 11F9E30E4BFB3F4ABAF5CDCB /* Pods-automation-j2objc.release.xcconfig */;
			buildSettings = {
				ASSETCATALOG_COMPILER_APPICON_NAME = AppIcon;
				CODE_SIGN_IDENTITY = "iPhone Developer";
				"CODE_SIGN_IDENTITY[sdk=iphoneos*]" = "iPhone Developer";
				INFOPLIST_FILE = "automation-j2objc/Info.plist";
				LD_RUNPATH_SEARCH_PATHS = "$(inherited) @executable_path/Frameworks";
				LIBRARY_SEARCH_PATHS = (
					"$(inherited)",
					"/Users/arnaud/Work/Nuxeo/sources/sandbox/j2objc/shared/build/packedBinaries/shared-j2objcStaticLibrary/iosDebug",
					"/Users/arnaud/Work/Nuxeo/sources/tools/j2objc-0.9.7/lib",
				);
				PRODUCT_NAME = "$(TARGET_NAME)";
				PROVISIONING_PROFILE = "";
			};
			name = Release;
		};
		5152A9B11B5D3C95007EC6B4 /* Debug */ = {
			isa = XCBuildConfiguration;
			buildSettings = {
				BUNDLE_LOADER = "$(TEST_HOST)";
				FRAMEWORK_SEARCH_PATHS = (
					"$(SDKROOT)/Developer/Library/Frameworks",
					"$(inherited)",
				);
				GCC_PREPROCESSOR_DEFINITIONS = (
					"DEBUG=1",
					"$(inherited)",
				);
				INFOPLIST_FILE = "automation-j2objcTests/Info.plist";
				LD_RUNPATH_SEARCH_PATHS = "$(inherited) @executable_path/Frameworks @loader_path/Frameworks";
				PRODUCT_NAME = "$(TARGET_NAME)";
				TEST_HOST = "$(BUILT_PRODUCTS_DIR)/automation-j2objc.app/automation-j2objc";
			};
			name = Debug;
		};
		5152A9B21B5D3C95007EC6B4 /* Release */ = {
			isa = XCBuildConfiguration;
			buildSettings = {
				BUNDLE_LOADER = "$(TEST_HOST)";
				FRAMEWORK_SEARCH_PATHS = (
					"$(SDKROOT)/Developer/Library/Frameworks",
					"$(inherited)",
				);
				INFOPLIST_FILE = "automation-j2objcTests/Info.plist";
				LD_RUNPATH_SEARCH_PATHS = "$(inherited) @executable_path/Frameworks @loader_path/Frameworks";
				PRODUCT_NAME = "$(TARGET_NAME)";
				TEST_HOST = "$(BUILT_PRODUCTS_DIR)/automation-j2objc.app/automation-j2objc";
			};
			name = Release;
		};
/* End XCBuildConfiguration section */

/* Begin XCConfigurationList section */
		5152A9821B5D3C95007EC6B4 /* Build configuration list for PBXProject "automation-j2objc" */ = {
			isa = XCConfigurationList;
			buildConfigurations = (
				5152A9AB1B5D3C95007EC6B4 /* Debug */,
				5152A9AC1B5D3C95007EC6B4 /* Release */,
			);
			defaultConfigurationIsVisible = 0;
			defaultConfigurationName = Release;
		};
		5152A9AD1B5D3C95007EC6B4 /* Build configuration list for PBXNativeTarget "automation-j2objc" */ = {
			isa = XCConfigurationList;
			buildConfigurations = (
				5152A9AE1B5D3C95007EC6B4 /* Debug */,
				5152A9AF1B5D3C95007EC6B4 /* Release */,
			);
			defaultConfigurationIsVisible = 0;
			defaultConfigurationName = Release;
		};
		5152A9B01B5D3C95007EC6B4 /* Build configuration list for PBXNativeTarget "automation-j2objcTests" */ = {
			isa = XCConfigurationList;
			buildConfigurations = (
				5152A9B11B5D3C95007EC6B4 /* Debug */,
				5152A9B21B5D3C95007EC6B4 /* Release */,
			);
			defaultConfigurationIsVisible = 0;
			defaultConfigurationName = Release;
		};
/* End XCConfigurationList section */

/* Begin XCVersionGroup section */
		5152A9911B5D3C95007EC6B4 /* automation_j2objc.xcdatamodeld */ = {
			isa = XCVersionGroup;
			children = (
				5152A9921B5D3C95007EC6B4 /* automation_j2objc.xcdatamodel */,
			);
			currentVersion = 5152A9921B5D3C95007EC6B4 /* automation_j2objc.xcdatamodel */;
			path = automation_j2objc.xcdatamodeld;
			sourceTree = "<group>";
			versionGroupType = wrapper.xcdatamodel;
		};
/* End XCVersionGroup section */
	};
	rootObject = 5152A97F1B5D3C95007EC6B4 /* Project object */;
}
